
Microsoft Visual Studio Solution File, Format Version 12.00
# Visual Studio Version 17
VisualStudioVersion = 17.7.34031.279
MinimumVisualStudioVersion = 10.0.40219.1
Project("{FAE04EC0-301F-11D3-BF4B-00C04F79EFBC}") = "mf-dev-backend-2023-eddy", "mf-dev-backend-2023-eddy\mf-dev-backend-2023-eddy.csproj", "{0FDF85AE-FF03-4657-A6F3-E34438DBF92E}"
EndProject
Global
	GlobalSection(SolutionConfigurationPlatforms) = preSolution
		Debug|Any CPU = Debug|Any CPU
		Release|Any CPU = Release|Any CPU
	EndGlobalSection
	GlobalSection(ProjectConfigurationPlatforms) = postSolution
		{0FDF85AE-FF03-4657-A6F3-E34438DBF92E}.Debug|Any CPU.ActiveCfg = Debug|Any CPU
		{0FDF85AE-FF03-4657-A6F3-E34438DBF92E}.Debug|Any CPU.Build.0 = Debug|Any CPU
		{0FDF85AE-FF03-4657-A6F3-E34438DBF92E}.Release|Any CPU.ActiveCfg = Release|Any CPU
		{0FDF85AE-FF03-4657-A6F3-E34438DBF92E}.Release|Any CPU.Build.0 = Release|Any CPU
	EndGlobalSection
	GlobalSection(SolutionProperties) = preSolution
		HideSolutionNode = FALSE
	EndGlobalSection
	GlobalSection(ExtensibilityGlobals) = postSolution
		SolutionGuid = {62A51926-4265-4C55-9749-BA3705A8D33E}
	EndGlobalSection
EndGlobal
